github.com/BurntSushi/xgb v0.0.0-20210121224620-deaf085860bc h1:7D+Bh06CRPCJO3gr2F7h1sriovOZ8BMhca2Rg85c2nk=
github.com/BurntSushi/xgb v0.0.0-20210121224620-deaf085860bc/go.mod h1:IVnqGOEym/WlBOVXweHU+Q+/VP0lqqI8lqeDx9IjBqo=
github.com/assembla/cony v0.3.2/go.mod h1:tc5T6tc0un/CDPqiSpLkTS2oUuiO34ab85YCKzSpkDw=
github.com/gen2brain/shm v0.0.0-20200228170931-49f9650110c5 h1:Y5Q2mEwfzjMt5+3u70Gtw93ZOu2UuPeeeTBDntF7FoY=
github.com/gen2brain/shm v0.0.0-20200228170931-49f9650110c5/go.mod h1:uF6rMu/1nvu+5DpiRLwusA6xB8zlkNoGzKn8lmYONUo=
github.com/gen2brain/x264-go v0.0.0-20200605131102-0523307cbe23 h1:/bEJAMYC2kdJwLeemSoFiEir0ONJdBdK7sMdLMKBQHU=
github.com/gen2brain/x264-go v0.0.0-20200605131102-0523307cbe23/go.mod h1:17kvfYQKi9/QHiKPeqmJW0YuDPZEgy72tSBVmweSyiE=
github.com/golang/groupcache v0.0.0-20200121045136-8c9f03a8e57e/go.mod h1:cIg4eruTrX1D+g88fzRXU5OdNfaM+9IcxsU14FzY7Hc=
github.com/haobird/golibs v0.0.0-20201218103805-7343743a1148/go.mod h1:dFZSXn1jqq4adpggdcxggMROtnZ2GBpWEQayTHn6OoE=
github.com/kbinani/screenshot v0.0.0-20210326165202-b96eb3309bb0 h1:lICR2wyk9J6T709NawrhNTDi9DjMIbQqdlPT/EE0xBI=
github.com/kbinani/screenshot v0.0.0-20210326165202-b96eb3309bb0/go.mod h1:ZceVWGtzUZmxyN+/1I+oG31oOm1dOA2QUNbua9TLVdE=
github.com/lxn/win v0.0.0-20210218163916-a377121e959e h1:H+t6A/QJMbhCSEH5rAuRxh+CtW96g0Or0Fxa9IKr4uc=
github.com/lxn/win v0.0.0-20210218163916-a377121e959e/go.mod h1:KxxjdtRkfNoYDCUP5ryK7XJJNTnpC8atvtmTheChOtk=
github.com/streadway/amqp v1.0.0/go.mod h1:AZpEONHx3DKn8O/DFsRAY58/XVQiIPMTMB1SddzLXVw=
github.com/tidwall/gjson v1.7.4/go.mod h1:5/xDoumyyDNerp2U36lyolv46b3uF/9Bu6OfyQ9GImk=
github.com/tidwall/match v1.0.3/go.mod h1:eRSPERbgtNPcGhD8UCthc6PmLEQXEWd3PRB5JTxsfmM=
github.com/tidwall/pretty v1.1.0/go.mod h1:XNkn88O1ChpSDQmQeStsy+sBenx6DDtFZJxhVysOjyk=
github.com/xinliangnote/go-util v0.0.0-20200323134426-527984dc34bf/go.mod h1:3ZornrplU9tYj9ar9jchik1XPQ10ZbSXkbgxXR5PVaU=
golang.org/x/sys v0.0.0-20201018230417-eeed37f84f13 h1:5jaG59Zhd+8ZXe8C+lgiAGqkOaZBruqrWclLkgAww34=
golang.org/x/sys v0.0.0-20201018230417-eeed37f84f13/go.mod h1:h1NjWce9XRLGQEsW7wpKNCjG9DtNlClVuFLEZdDNbEs=
golang.org/x/sys v0.0.0-20210426080607-c94f62235c83 h1:kHSDPqCtsHZOg0nVylfTo20DDhE9gG4Y0jn7hKQ0QAM=
golang.org/x/sys v0.0.0-20210426080607-c94f62235c83/go.mod h1:h1NjWce9XRLGQEsW7wpKNCjG9DtNlClVuFLEZdDNbEs=
